
Microsoft Visual Studio Solution File, Format Version 12.00
# Visual Studio 14
VisualStudioVersion = 14.0.25123.0
MinimumVisualStudioVersion = 10.0.40219.1
Project("{FAE04EC0-301F-11D3-BF4B-00C04F79EFBC}") = "Scratchpad", "Scratchpad\Scratchpad.csproj", "{7CA14FEE-94E0-4071-BFEF-806E11520709}"
EndProject
Project("{FAE04EC0-301F-11D3-BF4B-00C04F79EFBC}") = "Scratchpad.StructureMap", "Scratchpad.StructureMap\Scratchpad.StructureMap.csproj", "{63C99120-E7A3-4B6C-9376-FFC0A20CD950}"
EndProject
Global
	GlobalSection(SolutionConfigurationPlatforms) = preSolution
		Debug|Any CPU = Debug|Any CPU
		Release|Any CPU = Release|Any CPU
	EndGlobalSection
	GlobalSection(ProjectConfigurationPlatforms) = postSolution
		{7CA14FEE-94E0-4071-BFEF-806E11520709}.Debug|Any CPU.ActiveCfg = Debug|Any CPU
		{7CA14FEE-94E0-4071-BFEF-806E11520709}.Debug|Any CPU.Build.0 = Debug|Any CPU
		{7CA14FEE-94E0-4071-BFEF-806E11520709}.Release|Any CPU.ActiveCfg = Release|Any CPU
		{7CA14FEE-94E0-4071-BFEF-806E11520709}.Release|Any CPU.Build.0 = Release|Any CPU
		{63C99120-E7A3-4B6C-9376-FFC0A20CD950}.Debug|Any CPU.ActiveCfg = Debug|Any CPU
		{63C99120-E7A3-4B6C-9376-FFC0A20CD950}.Debug|Any CPU.Build.0 = Debug|Any CPU
		{63C99120-E7A3-4B6C-9376-FFC0A20CD950}.Release|Any CPU.ActiveCfg = Release|Any CPU
		{63C99120-E7A3-4B6C-9376-FFC0A20CD950}.Release|Any CPU.Build.0 = Release|Any CPU
	EndGlobalSection
	GlobalSection(SolutionProperties) = preSolution
		HideSolutionNode = FALSE
	EndGlobalSection
EndGlobal
